<?xml version="1.0" encoding="utf-8"?>
<Project ToolsVersion="17.0" xmlns="http://schemas.microsoft.com/developer/msbuild/2003">
  <ItemGroup>
    <CustomBuild Include="C:\Users\Hamilton\Desktop\TNM061\CMakeFiles\ec3cd1525a2b556ca4c608bc0fe9ffcc\INSTALL_force.rule">
      <Filter>CMake Rules</Filter>
    </CustomBuild>
  </ItemGroup>
  <ItemGroup>
    <Filter Include="CMake Rules">
      <UniqueIdentifier>{D1224E13-9DDA-3E56-B2F4-E5B952D7A0E9}</UniqueIdentifier>
    </Filter>
  </ItemGroup>
</Project>
